<?xml version="1.0" encoding="UTF-8"?>
<CONFIG>
  <ProjectOptions>
    <Version Value="10"/>
    <PathDelim Value="\"/>
    <General>
      <Flags>
        <MainUnitHasCreateFormStatements Value="False"/>
        <MainUnitHasTitleStatement Value="False"/>
      </Flags>
      <SessionStorage Value="InProjectDir"/>
      <MainUnit Value="0"/>
      <Title Value="dragonswager"/>
      <UseAppBundle Value="False"/>
      <ResourceType Value="res"/>
    </General>
    <VersionInfo>
      <StringTable ProductVersion=""/>
    </VersionInfo>
    <BuildModes Count="1">
      <Item1 Name="Default" Default="True"/>
    </BuildModes>
    <PublishOptions>
      <Version Value="2"/>
    </PublishOptions>
    <RunParams>
      <local>
        <FormatVersion Value="1"/>
      </local>
    </RunParams>
    <Units Count="22">
      <Unit0>
        <Filename Value="dragonswager.lpr"/>
        <IsPartOfProject Value="True"/>
      </Unit0>
      <Unit1>
        <Filename Value="cligame.pas"/>
        <IsPartOfProject Value="True"/>
      </Unit1>
      <Unit2>
        <Filename Value="clicontroller.pas"/>
        <IsPartOfProject Value="True"/>
        <UnitName Value="cliController"/>
      </Unit2>
      <Unit3>
        <Filename Value="inputactions.pas"/>
        <IsPartOfProject Value="True"/>
        <UnitName Value="inputActions"/>
      </Unit3>
      <Unit4>
        <Filename Value="cliwriter.pas"/>
        <IsPartOfProject Value="True"/>
        <UnitName Value="cliWriter"/>
      </Unit4>
      <Unit5>
        <Filename Value="inputaction.pas"/>
        <IsPartOfProject Value="True"/>
        <UnitName Value="inputAction"/>
      </Unit5>
      <Unit6>
        <Filename Value="character.pas"/>
        <IsPartOfProject Value="True"/>
      </Unit6>
      <Unit7>
        <Filename Value="utils.pas"/>
        <IsPartOfProject Value="True"/>
      </Unit7>
      <Unit8>
        <Filename Value="cligenericstatehandler.pas"/>
        <IsPartOfProject Value="True"/>
        <UnitName Value="cliGenericStateHandler"/>
      </Unit8>
      <Unit9>
        <Filename Value="cliobjectreference.pas"/>
        <IsPartOfProject Value="True"/>
        <UnitName Value="cliObjectReference"/>
      </Unit9>
      <Unit10>
        <Filename Value="cligenericactionhandler.pas"/>
        <IsPartOfProject Value="True"/>
        <UnitName Value="cliGenericActionHandler"/>
      </Unit10>
      <Unit11>
        <Filename Value="cliquitactionhandler.pas"/>
        <IsPartOfProject Value="True"/>
        <UnitName Value="cliQuitActionHandler"/>
      </Unit11>
      <Unit12>
        <Filename Value="gamestate.pas"/>
        <IsPartOfProject Value="True"/>
        <UnitName Value="gameState"/>
      </Unit12>
      <Unit13>
        <Filename Value="climenuactionhandler.pas"/>
        <IsPartOfProject Value="True"/>
        <UnitName Value="cliMenuActionHandler"/>
      </Unit13>
      <Unit14>
        <Filename Value="cliinfoactionhandler.pas"/>
        <IsPartOfProject Value="True"/>
        <UnitName Value="cliInfoActionHandler"/>
      </Unit14>
      <Unit15>
        <Filename Value="cliconfirmactionhandler.pas"/>
        <IsPartOfProject Value="True"/>
        <UnitName Value="cliConfirmActionHandler"/>
      </Unit15>
      <Unit16>
        <Filename Value="clicancelactionhandler.pas"/>
        <IsPartOfProject Value="True"/>
        <UnitName Value="cliCancelActionHandler"/>
      </Unit16>
      <Unit17>
        <Filename Value="cliuseactionhandler.pas"/>
        <IsPartOfProject Value="True"/>
        <UnitName Value="cliUseActionHandler"/>
      </Unit17>
      <Unit18>
        <Filename Value="climainmenustatehandler.pas"/>
        <IsPartOfProject Value="True"/>
        <UnitName Value="cliMainMenuStateHandler"/>
      </Unit18>
      <Unit19>
        <Filename Value="cliconfirmstatehandler.pas"/>
        <IsPartOfProject Value="True"/>
        <UnitName Value="cliConfirmStateHandler"/>
      </Unit19>
      <Unit20>
        <Filename Value="clicancelstatehandler.pas"/>
        <IsPartOfProject Value="True"/>
        <UnitName Value="cliCancelStateHandler"/>
      </Unit20>
      <Unit21>
        <Filename Value="cliquitstatehandler.pas"/>
        <IsPartOfProject Value="True"/>
        <UnitName Value="cliQuitStateHandler"/>
      </Unit21>
    </Units>
  </ProjectOptions>
  <CompilerOptions>
    <Version Value="11"/>
    <PathDelim Value="\"/>
    <Target>
      <Filename Value="dragonswager"/>
    </Target>
    <SearchPaths>
      <IncludeFiles Value="$(ProjOutDir)"/>
      <UnitOutputDirectory Value="lib\$(TargetCPU)-$(TargetOS)"/>
    </SearchPaths>
  </CompilerOptions>
  <Debugging>
    <Exceptions Count="3">
      <Item1>
        <Name Value="EAbort"/>
      </Item1>
      <Item2>
        <Name Value="ECodetoolError"/>
      </Item2>
      <Item3>
        <Name Value="EFOpenError"/>
      </Item3>
    </Exceptions>
  </Debugging>
</CONFIG>
